
Microsoft Visual Studio Solution File, Format Version 12.00
# Visual Studio Version 17
VisualStudioVersion = 17.6.33723.286
MinimumVisualStudioVersion = 10.0.40219.1
Project("{FAE04EC0-301F-11D3-BF4B-00C04F79EFBC}") = "Figure", "Figure\Figure.csproj", "{0E4E7CC1-CBE9-42C6-A450-41067AA260CC}"
EndProject
Global
	GlobalSection(SolutionConfigurationPlatforms) = preSolution
		Debug|Any CPU = Debug|Any CPU
		Release|Any CPU = Release|Any CPU
	EndGlobalSection
	GlobalSection(ProjectConfigurationPlatforms) = postSolution
		{0E4E7CC1-CBE9-42C6-A450-41067AA260CC}.Debug|Any CPU.ActiveCfg = Debug|Any CPU
		{0E4E7CC1-CBE9-42C6-A450-41067AA260CC}.Debug|Any CPU.Build.0 = Debug|Any CPU
		{0E4E7CC1-CBE9-42C6-A450-41067AA260CC}.Release|Any CPU.ActiveCfg = Release|Any CPU
		{0E4E7CC1-CBE9-42C6-A450-41067AA260CC}.Release|Any CPU.Build.0 = Release|Any CPU
	EndGlobalSection
	GlobalSection(SolutionProperties) = preSolution
		HideSolutionNode = FALSE
	EndGlobalSection
	GlobalSection(ExtensibilityGlobals) = postSolution
		SolutionGuid = {5655B132-15D0-4822-A053-8695EDBE63EC}
	EndGlobalSection
EndGlobal
